// !$*UTF8*$!
{
	archiveVersion = 1;
	classes = {
	};
	objectVersion = 46;
	objects = {

/* Begin PBXBuildFile section */
		626540701AB50EAE004CE6A2 /* AppDelegate.swift in Sources */ = {isa = PBXBuildFile; fileRef = 6265406F1AB50EAE004CE6A2 /* AppDelegate.swift */; };
		626540721AB50EAE004CE6A2 /* ViewController.swift in Sources */ = {isa = PBXBuildFile; fileRef = 626540711AB50EAE004CE6A2 /* ViewController.swift */; };
		626540771AB50EAE004CE6A2 /* Images.xcassets in Resources */ = {isa = PBXBuildFile; fileRef = 626540761AB50EAE004CE6A2 /* Images.xcassets */; };
		626540861AB50EAE004CE6A2 /* CustomTransitionTests.swift in Sources */ = {isa = PBXBuildFile; fileRef = 626540851AB50EAE004CE6A2 /* CustomTransitionTests.swift */; };
		62A914791AB52EBA00D02CF2 /* TransitionManger.swift in Sources */ = {isa = PBXBuildFile; fileRef = 62A914781AB52EBA00D02CF2 /* TransitionManger.swift */; };
/* End PBXBuildFile section */

/* Begin PBXContainerItemProxy section */
		626540801AB50EAE004CE6A2 /* PBXContainerItemProxy */ = {
			isa = PBXContainerItemProxy;
			containerPortal = 626540621AB50EAE004CE6A2 /* Project object */;
			proxyType = 1;
			remoteGlobalIDString = 626540691AB50EAE004CE6A2;
			remoteInfo = CustomTransition;
		};
/* End PBXContainerItemProxy section */

/* Begin PBXFileReference section */
		6265406A1AB50EAE004CE6A2 /* CustomTransition.app */ = {isa = PBXFileReference; explicitFileType = wrapper.application; includeInIndex = 0; path = CustomTransition.app; sourceTree = BUILT_PRODUCTS_DIR; };
		6265406E1AB50EAE004CE6A2 /* Info.plist */ = {isa = PBXFileReference; lastKnownFileType = text.plist.xml; path = Info.plist; sourceTree = "<group>"; };
		6265406F1AB50EAE004CE6A2 /* AppDelegate.swift */ = {isa = PBXFileReference; lastKnownFileType = sourcecode.swift; path = AppDelegate.swift; sourceTree = "<group>"; };
		626540711AB50EAE004CE6A2 /* ViewController.swift */ = {isa = PBXFileReference; lastKnownFileType = sourcecode.swift; path = ViewController.swift; sourceTree = "<group>"; };
		626540761AB50EAE004CE6A2 /* Images.xcassets */ = {isa = PBXFileReference; lastKnownFileType = folder.assetcatalog; path = Images.xcassets; sourceTree = "<group>"; };
		6265407F1AB50EAE004CE6A2 /* CustomTransitionTests.xctest */ = {isa = PBXFileReference; explicitFileType = wrapper.cfbundle; includeInIndex = 0; path = CustomTransitionTests.xctest; sourceTree = BUILT_PRODUCTS_DIR; };
		626540841AB50EAE004CE6A2 /* Info.plist */ = {isa = PBXFileReference; lastKnownFileType = text.plist.xml; path = Info.plist; sourceTree = "<group>"; };
		626540851AB50EAE004CE6A2 /* CustomTransitionTests.swift */ = {isa = PBXFileReference; lastKnownFileType = sourcecode.swift; path = CustomTransitionTests.swift; sourceTree = "<group>"; };
		62A914781AB52EBA00D02CF2 /* TransitionManger.swift */ = {isa = PBXFileReference; fileEncoding = 4; lastKnownFileType = sourcecode.swift; path = TransitionManger.swift; sourceTree = "<group>"; };
/* End PBXFileReference section */

/* Begin PBXFrameworksBuildPhase section */
		626540671AB50EAE004CE6A2 /* Frameworks */ = {
			isa = PBXFrameworksBuildPhase;
			buildActionMask = 2147483647;
			files = (
			);
			runOnlyForDeploymentPostprocessing = 0;
		};
		6265407C1AB50EAE004CE6A2 /* Frameworks */ = {
			isa = PBXFrameworksBuildPhase;
			buildActionMask = 2147483647;
			files = (
			);
			runOnlyForDeploymentPostprocessing = 0;
		};
/* End PBXFrameworksBuildPhase section */

/* Begin PBXGroup section */
		626540611AB50EAE004CE6A2 = {
			isa = PBXGroup;
			children = (
				6265406C1AB50EAE004CE6A2 /* CustomTransition */,
				626540821AB50EAE004CE6A2 /* CustomTransitionTests */,
				6265406B1AB50EAE004CE6A2 /* Products */,
			);
			sourceTree = "<group>";
		};
		6265406B1AB50EAE004CE6A2 /* Products */ = {
			isa = PBXGroup;
			children = (
				6265406A1AB50EAE004CE6A2 /* CustomTransition.app */,
				6265407F1AB50EAE004CE6A2 /* CustomTransitionTests.xctest */,
			);
			name = Products;
			sourceTree = "<group>";
		};
		6265406C1AB50EAE004CE6A2 /* CustomTransition */ = {
			isa = PBXGroup;
			children = (
				6265406F1AB50EAE004CE6A2 /* AppDelegate.swift */,
				62A914781AB52EBA00D02CF2 /* TransitionManger.swift */,
				626540711AB50EAE004CE6A2 /* ViewController.swift */,
				626540761AB50EAE004CE6A2 /* Images.xcassets */,
				6265406D1AB50EAE004CE6A2 /* Supporting Files */,
			);
			path = CustomTransition;
			sourceTree = "<group>";
		};
		6265406D1AB50EAE004CE6A2 /* Supporting Files */ = {
			isa = PBXGroup;
			children = (
				6265406E1AB50EAE004CE6A2 /* Info.plist */,
			);
			name = "Supporting Files";
			sourceTree = "<group>";
		};
		626540821AB50EAE004CE6A2 /* CustomTransitionTests */ = {
			isa = PBXGroup;
			children = (
				626540851AB50EAE004CE6A2 /* CustomTransitionTests.swift */,
				626540831AB50EAE004CE6A2 /* Supporting Files */,
			);
			path = CustomTransitionTests;
			sourceTree = "<group>";
		};
		626540831AB50EAE004CE6A2 /* Supporting Files */ = {
			isa = PBXGroup;
			children = (
				626540841AB50EAE004CE6A2 /* Info.plist */,
			);
			name = "Supporting Files";
			sourceTree = "<group>";
		};
/* End PBXGroup section */

/* Begin PBXNativeTarget section */
		626540691AB50EAE004CE6A2 /* CustomTransition */ = {
			isa = PBXNativeTarget;
			buildConfigurationList = 626540891AB50EAE004CE6A2 /* Build configuration list for PBXNativeTarget "CustomTransition" */;
			buildPhases = (
				626540661AB50EAE004CE6A2 /* Sources */,
				626540671AB50EAE004CE6A2 /* Frameworks */,
				626540681AB50EAE004CE6A2 /* Resources */,
			);
			buildRules = (
			);
			dependencies = (
			);
			name = CustomTransition;
			productName = CustomTransition;
			productReference = 6265406A1AB50EAE004CE6A2 /* CustomTransition.app */;
			productType = "com.apple.product-type.application";
		};
		6265407E1AB50EAE004CE6A2 /* CustomTransitionTests */ = {
			isa = PBXNativeTarget;
			buildConfigurationList = 6265408C1AB50EAE004CE6A2 /* Build configuration list for PBXNativeTarget "CustomTransitionTests" */;
			buildPhases = (
				6265407B1AB50EAE004CE6A2 /* Sources */,
				6265407C1AB50EAE004CE6A2 /* Frameworks */,
				6265407D1AB50EAE004CE6A2 /* Resources */,
			);
			buildRules = (
			);
			dependencies = (
				626540811AB50EAE004CE6A2 /* PBXTargetDependency */,
			);
			name = CustomTransitionTests;
			productName = CustomTransitionTests;
			productReference = 6265407F1AB50EAE004CE6A2 /* CustomTransitionTests.xctest */;
			productType = "com.apple.product-type.bundle.unit-test";
		};
/* End PBXNativeTarget section */

/* Begin PBXProject section */
		626540621AB50EAE004CE6A2 /* Project object */ = {
			isa = PBXProject;
			attributes = {
				LastUpgradeCheck = 0630;
				ORGANIZATIONNAME = "Colin Dunn";
				TargetAttributes = {
					626540691AB50EAE004CE6A2 = {
						CreatedOnToolsVersion = 6.3;
					};
					6265407E1AB50EAE004CE6A2 = {
						CreatedOnToolsVersion = 6.3;
						TestTargetID = 626540691AB50EAE004CE6A2;
					};
				};
			};
			buildConfigurationList = 626540651AB50EAE004CE6A2 /* Build configuration list for PBXProject "CustomTransition" */;
			compatibilityVersion = "Xcode 3.2";
			developmentRegion = English;
			hasScannedForEncodings = 0;
			knownRegions = (
				en,
				Base,
			);
			mainGroup = 626540611AB50EAE004CE6A2;
			productRefGroup = 6265406B1AB50EAE004CE6A2 /* Products */;
			projectDirPath = "";
			projectRoot = "";
			targets = (
				626540691AB50EAE004CE6A2 /* CustomTransition */,
				6265407E1AB50EAE004CE6A2 /* CustomTransitionTests */,
			);
		};
/* End PBXProject section */

/* Begin PBXResourcesBuildPhase section */
		626540681AB50EAE004CE6A2 /* Resources */ = {
			isa = PBXResourcesBuildPhase;
			buildActionMask = 2147483647;
			files = (
				626540771AB50EAE004CE6A2 /* Images.xcassets in Resources */,
			);
			runOnlyForDeploymentPostprocessing = 0;
		};
		6265407D1AB50EAE004CE6A2 /* Resources */ = {
			isa = PBXResourcesBuildPhase;
			buildActionMask = 2147483647;
			files = (
			);
			runOnlyForDeploymentPostprocessing = 0;
		};
/* End PBXResourcesBuildPhase section */

/* Begin PBXSourcesBuildPhase section */
		626540661AB50EAE004CE6A2 /* Sources */ = {
			isa = PBXSourcesBuildPhase;
			buildActionMask = 2147483647;
			files = (
				626540721AB50EAE004CE6A2 /* ViewController.swift in Sources */,
				62A914791AB52EBA00D02CF2 /* TransitionManger.swift in Sources */,
				626540701AB50EAE004CE6A2 /* AppDelegate.swift in Sources */,
			);
			runOnlyForDeploymentPostprocessing = 0;
		};
		6265407B1AB50EAE004CE6A2 /* Sources */ = {
			isa = PBXSourcesBuildPhase;
			buildActionMask = 2147483647;
			files = (
				626540861AB50EAE004CE6A2 /* CustomTransitionTests.swift in Sources */,
			);
			runOnlyForDeploymentPostprocessing = 0;
		};
/* End PBXSourcesBuildPhase section */

/* Begin PBXTargetDependency section */
		626540811AB50EAE004CE6A2 /* PBXTargetDependency */ = {
			isa = PBXTargetDependency;
			target = 626540691AB50EAE004CE6A2 /* CustomTransition */;
			targetProxy = 626540801AB50EAE004CE6A2 /* PBXContainerItemProxy */;
		};
/* End PBXTargetDependency section */

/* Begin XCBuildConfiguration section */
		626540871AB50EAE004CE6A2 /* Debug */ = {
			isa = XCBuildConfiguration;
			buildSettings = {
				ALWAYS_SEARCH_USER_PATHS = NO;
				CLANG_CXX_LANGUAGE_STANDARD = "gnu++0x";
				CLANG_CXX_LIBRARY = "libc++";
				CLANG_ENABLE_MODULES = YES;
				CLANG_ENABLE_OBJC_ARC = YES;
				CLANG_WARN_BOOL_CONVERSION = YES;
				CLANG_WARN_CONSTANT_CONVERSION = YES;
				CLANG_WARN_DIRECT_OBJC_ISA_USAGE = YES_ERROR;
				CLANG_WARN_EMPTY_BODY = YES;
				CLANG_WARN_ENUM_CONVERSION = YES;
				CLANG_WARN_INT_CONVERSION = YES;
				CLANG_WARN_OBJC_ROOT_CLASS = YES_ERROR;
				CLANG_WARN_UNREACHABLE_CODE = YES;
				CLANG_WARN__DUPLICATE_METHOD_MATCH = YES;
				"CODE_SIGN_IDENTITY[sdk=iphoneos*]" = "iPhone Developer";
				COPY_PHASE_STRIP = NO;
				DEBUG_INFORMATION_FORMAT = dwarf;
				ENABLE_STRICT_OBJC_MSGSEND = YES;
				GCC_C_LANGUAGE_STANDARD = gnu99;
				GCC_DYNAMIC_NO_PIC = NO;
				GCC_OPTIMIZATION_LEVEL = 0;
				GCC_PREPROCESSOR_DEFINITIONS = (
					"DEBUG=1",
					"$(inherited)",
				);
				GCC_SYMBOLS_PRIVATE_EXTERN = NO;
				GCC_WARN_64_TO_32_BIT_CONVERSION = YES;
				GCC_WARN_ABOUT_RETURN_TYPE = YES_ERROR;
				GCC_WARN_UNDECLARED_SELECTOR = YES;
				GCC_WARN_UNINITIALIZED_AUTOS = YES_AGGRESSIVE;
				GCC_WARN_UNUSED_FUNCTION = YES;
				GCC_WARN_UNUSED_VARIABLE = YES;
				IPHONEOS_DEPLOYMENT_TARGET = 8.3;
				MTL_ENABLE_DEBUG_INFO = YES;
				ONLY_ACTIVE_ARCH = YES;
				SDKROOT = iphoneos;
				SWIFT_OPTIMIZATION_LEVEL = "-Onone";
				TARGETED_DEVICE_FAMILY = "1,2";
			};
			name = Debug;
		};
		626540881AB50EAE004CE6A2 /* Release */ = {
			isa = XCBuildConfiguration;
			buildSettings = {
				ALWAYS_SEARCH_USER_PATHS = NO;
				CLANG_CXX_LANGUAGE_STANDARD = "gnu++0x";
				CLANG_CXX_LIBRARY = "libc++";
				CLANG_ENABLE_MODULES = YES;
				CLANG_ENABLE_OBJC_ARC = YES;
				CLANG_WARN_BOOL_CONVERSION = YES;
				CLANG_WARN_CONSTANT_CONVERSION = YES;
				CLANG_WARN_DIRECT_OBJC_ISA_USAGE = YES_ERROR;
				CLANG_WARN_EMPTY_BODY = YES;
				CLANG_WARN_ENUM_CONVERSION = YES;
				CLANG_WARN_INT_CONVERSION = YES;
				CLANG_WARN_OBJC_ROOT_CLASS = YES_ERROR;
				CLANG_WARN_UNREACHABLE_CODE = YES;
				CLANG_WARN__DUPLICATE_METHOD_MATCH = YES;
				"CODE_SIGN_IDENTITY[sdk=iphoneos*]" = "iPhone Developer";
				COPY_PHASE_STRIP = NO;
				DEBUG_INFORMATION_FORMAT = "dwarf-with-dsym";
				ENABLE_NS_ASSERTIONS = NO;
				ENABLE_STRICT_OBJC_MSGSEND = YES;
				GCC_C_LANGUAGE_STANDARD = gnu99;
				GCC_WARN_64_TO_32_BIT_CONVERSION = YES;
				GCC_WARN_ABOUT_RETURN_TYPE = YES_ERROR;
				GCC_WARN_UNDECLARED_SELECTOR = YES;
				GCC_WARN_UNINITIALIZED_AUTOS = YES_AGGRESSIVE;
				GCC_WARN_UNUSED_FUNCTION = YES;
				GCC_WARN_UNUSED_VARIABLE = YES;
				IPHONEOS_DEPLOYMENT_TARGET = 8.3;
				MTL_ENABLE_DEBUG_INFO = NO;
				SDKROOT = iphoneos;
				TARGETED_DEVICE_FAMILY = "1,2";
				VALIDATE_PRODUCT = YES;
			};
			name = Release;
		};
		6265408A1AB50EAE004CE6A2 /* Debug */ = {
			isa = XCBuildConfiguration;
			buildSettings = {
				ASSETCATALOG_COMPILER_APPICON_NAME = AppIcon;
				INFOPLIST_FILE = CustomTransition/Info.plist;
				LD_RUNPATH_SEARCH_PATHS = "$(inherited) @executable_path/Frameworks";
				PRODUCT_NAME = "$(TARGET_NAME)";
			};
			name = Debug;
		};
		6265408B1AB50EAE004CE6A2 /* Release */ = {
			isa = XCBuildConfiguration;
			buildSettings = {
				ASSETCATALOG_COMPILER_APPICON_NAME = AppIcon;
				INFOPLIST_FILE = CustomTransition/Info.plist;
				LD_RUNPATH_SEARCH_PATHS = "$(inherited) @executable_path/Frameworks";
				PRODUCT_NAME = "$(TARGET_NAME)";
			};
			name = Release;
		};
		6265408D1AB50EAE004CE6A2 /* Debug */ = {
			isa = XCBuildConfiguration;
			buildSettings = {
				BUNDLE_LOADER = "$(TEST_HOST)";
				FRAMEWORK_SEARCH_PATHS = (
					"$(SDKROOT)/Developer/Library/Frameworks",
					"$(inherited)",
				);
				GCC_PREPROCESSOR_DEFINITIONS = (
					"DEBUG=1",
					"$(inherited)",
				);
				INFOPLIST_FILE = CustomTransitionTests/Info.plist;
				LD_RUNPATH_SEARCH_PATHS = "$(inherited) @executable_path/Frameworks @loader_path/Frameworks";
				PRODUCT_NAME = "$(TARGET_NAME)";
				TEST_HOST = "$(BUILT_PRODUCTS_DIR)/CustomTransition.app/CustomTransition";
			};
			name = Debug;
		};
		6265408E1AB50EAE004CE6A2 /* Release */ = {
			isa = XCBuildConfiguration;
			buildSettings = {
				BUNDLE_LOADER = "$(TEST_HOST)";
				FRAMEWORK_SEARCH_PATHS = (
					"$(SDKROOT)/Developer/Library/Frameworks",
					"$(inherited)",
				);
				INFOPLIST_FILE = CustomTransitionTests/Info.plist;
				LD_RUNPATH_SEARCH_PATHS = "$(inherited) @executable_path/Frameworks @loader_path/Frameworks";
				PRODUCT_NAME = "$(TARGET_NAME)";
				TEST_HOST = "$(BUILT_PRODUCTS_DIR)/CustomTransition.app/CustomTransition";
			};
			name = Release;
		};
/* End XCBuildConfiguration section */

/* Begin XCConfigurationList section */
		626540651AB50EAE004CE6A2 /* Build configuration list for PBXProject "CustomTransition" */ = {
			isa = XCConfigurationList;
			buildConfigurations = (
				626540871AB50EAE004CE6A2 /* Debug */,
				626540881AB50EAE004CE6A2 /* Release */,
			);
			defaultConfigurationIsVisible = 0;
			defaultConfigurationName = Release;
		};
		626540891AB50EAE004CE6A2 /* Build configuration list for PBXNativeTarget "CustomTransition" */ = {
			isa = XCConfigurationList;
			buildConfigurations = (
				6265408A1AB50EAE004CE6A2 /* Debug */,
				6265408B1AB50EAE004CE6A2 /* Release */,
			);
			defaultConfigurationIsVisible = 0;
			defaultConfigurationName = Release;
		};
		6265408C1AB50EAE004CE6A2 /* Build configuration list for PBXNativeTarget "CustomTransitionTests" */ = {
			isa = XCConfigurationList;
			buildConfigurations = (
				6265408D1AB50EAE004CE6A2 /* Debug */,
				6265408E1AB50EAE004CE6A2 /* Release */,
			);
			defaultConfigurationIsVisible = 0;
			defaultConfigurationName = Release;
		};
/* End XCConfigurationList section */
	};
	rootObject = 626540621AB50EAE004CE6A2 /* Project object */;
}
